
Microsoft Visual Studio Solution File, Format Version 12.00
# Visual Studio Version 16
VisualStudioVersion = 16.0.31205.134
MinimumVisualStudioVersion = 10.0.40219.1
Project("{FAE04EC0-301F-11D3-BF4B-00C04F79EFBC}") = "Domain", "Domain\Domain.csproj", "{7C642FEE-DB36-45DC-A96F-C2FBDC88C125}"
EndProject
Project("{FAE04EC0-301F-11D3-BF4B-00C04F79EFBC}") = "WebUI", "WebUI\WebUI.csproj", "{957CB2B5-F7A4-4C55-9F8B-07772F89FAAC}"
EndProject
Project("{9A19103F-16F7-4668-BE54-9A1E7A4F7556}") = "UnitTests", "UnitTests\UnitTests.csproj", "{E74AC8D8-D92D-4FCA-B216-458FA4D78C07}"
EndProject
Global
	GlobalSection(SolutionConfigurationPlatforms) = preSolution
		Debug|Any CPU = Debug|Any CPU
		Release|Any CPU = Release|Any CPU
	EndGlobalSection
	GlobalSection(ProjectConfigurationPlatforms) = postSolution
		{7C642FEE-DB36-45DC-A96F-C2FBDC88C125}.Debug|Any CPU.ActiveCfg = Debug|Any CPU
		{7C642FEE-DB36-45DC-A96F-C2FBDC88C125}.Debug|Any CPU.Build.0 = Debug|Any CPU
		{7C642FEE-DB36-45DC-A96F-C2FBDC88C125}.Release|Any CPU.ActiveCfg = Release|Any CPU
		{7C642FEE-DB36-45DC-A96F-C2FBDC88C125}.Release|Any CPU.Build.0 = Release|Any CPU
		{957CB2B5-F7A4-4C55-9F8B-07772F89FAAC}.Debug|Any CPU.ActiveCfg = Debug|Any CPU
		{957CB2B5-F7A4-4C55-9F8B-07772F89FAAC}.Debug|Any CPU.Build.0 = Debug|Any CPU
		{957CB2B5-F7A4-4C55-9F8B-07772F89FAAC}.Release|Any CPU.ActiveCfg = Release|Any CPU
		{957CB2B5-F7A4-4C55-9F8B-07772F89FAAC}.Release|Any CPU.Build.0 = Release|Any CPU
		{E74AC8D8-D92D-4FCA-B216-458FA4D78C07}.Debug|Any CPU.ActiveCfg = Debug|Any CPU
		{E74AC8D8-D92D-4FCA-B216-458FA4D78C07}.Debug|Any CPU.Build.0 = Debug|Any CPU
		{E74AC8D8-D92D-4FCA-B216-458FA4D78C07}.Release|Any CPU.ActiveCfg = Release|Any CPU
		{E74AC8D8-D92D-4FCA-B216-458FA4D78C07}.Release|Any CPU.Build.0 = Release|Any CPU
	EndGlobalSection
	GlobalSection(SolutionProperties) = preSolution
		HideSolutionNode = FALSE
	EndGlobalSection
	GlobalSection(ExtensibilityGlobals) = postSolution
		SolutionGuid = {3A748873-837F-4078-A08D-4170E220B00D}
	EndGlobalSection
EndGlobal
